
Microsoft Visual Studio Solution File, Format Version 12.00
Project("{FAE04EC0-301F-11D3-BF4B-00C04F79EFBC}") = "MyApp.Backend", "MyApp.Backend\MyApp.Backend.csproj", "{B3E6D706-B424-49D9-8A13-649D7D0B1785}"
EndProject
Project("{FAE04EC0-301F-11D3-BF4B-00C04F79EFBC}") = "MyApp.DbMigrator", "MyApp.DbMigrator\MyApp.DbMigrator.csproj", "{7130171A-4F11-42F0-9CFB-47852ED75991}"
EndProject
Project("{FAE04EC0-301F-11D3-BF4B-00C04F79EFBC}") = "MyApp.Auth", "MyApp.Auth\MyApp.Auth.csproj", "{D80BC9DC-C217-4104-8C21-BCB97262641D}"
EndProject
Project("{FAE04EC0-301F-11D3-BF4B-00C04F79EFBC}") = "MyApp.Common", "MyApp.Common\MyApp.Common.csproj", "{81533C2D-6E90-4CD3-8DE9-F21868C9DAB3}"
EndProject
Project("{FAE04EC0-301F-11D3-BF4B-00C04F79EFBC}") = "MyApp.Billing", "MyApp.Billing\MyApp.Billing.csproj", "{318905AC-4851-42E9-AAEA-918F5148B9C3}"
EndProject
Project("{FAE04EC0-301F-11D3-BF4B-00C04F79EFBC}") = "MyApp.Notifications", "MyApp.Notifications\MyApp.Notifications.csproj", "{1641937A-C708-46C0-857C-93599CF18E51}"
EndProject
Project("{FAE04EC0-301F-11D3-BF4B-00C04F79EFBC}") = "MyApp.Auth.Contract", "MyApp.Auth.Contract\MyApp.Auth.Contract.csproj", "{CEEB8E96-D796-40BD-BA03-5B4A9B0E15A0}"
EndProject
Project("{FAE04EC0-301F-11D3-BF4B-00C04F79EFBC}") = "MyApp.Notifications.Contract", "MyApp.Notifications.Contract\MyApp.Notifications.Contract.csproj", "{94513B5D-D6F3-4B2E-8DF6-5D445160404A}"
EndProject
Project("{FAE04EC0-301F-11D3-BF4B-00C04F79EFBC}") = "MyApp.Orders", "MyApp.Orders\MyApp.Orders.csproj", "{6CC90715-F5EE-44DF-996F-B28068154F2E}"
EndProject
Project("{FAE04EC0-301F-11D3-BF4B-00C04F79EFBC}") = "MyApp.Orders.Contract", "MyApp.Orders.Contract\MyApp.Orders.Contract.csproj", "{E0AA4296-F1F5-48AF-B418-89E860EDAE73}"
EndProject
Global
	GlobalSection(SolutionConfigurationPlatforms) = preSolution
		Debug|Any CPU = Debug|Any CPU
		Release|Any CPU = Release|Any CPU
	EndGlobalSection
	GlobalSection(ProjectConfigurationPlatforms) = postSolution
		{B3E6D706-B424-49D9-8A13-649D7D0B1785}.Debug|Any CPU.ActiveCfg = Debug|Any CPU
		{B3E6D706-B424-49D9-8A13-649D7D0B1785}.Debug|Any CPU.Build.0 = Debug|Any CPU
		{B3E6D706-B424-49D9-8A13-649D7D0B1785}.Release|Any CPU.ActiveCfg = Release|Any CPU
		{B3E6D706-B424-49D9-8A13-649D7D0B1785}.Release|Any CPU.Build.0 = Release|Any CPU
		{7130171A-4F11-42F0-9CFB-47852ED75991}.Debug|Any CPU.ActiveCfg = Debug|Any CPU
		{7130171A-4F11-42F0-9CFB-47852ED75991}.Debug|Any CPU.Build.0 = Debug|Any CPU
		{7130171A-4F11-42F0-9CFB-47852ED75991}.Release|Any CPU.ActiveCfg = Release|Any CPU
		{7130171A-4F11-42F0-9CFB-47852ED75991}.Release|Any CPU.Build.0 = Release|Any CPU
		{D80BC9DC-C217-4104-8C21-BCB97262641D}.Debug|Any CPU.ActiveCfg = Debug|Any CPU
		{D80BC9DC-C217-4104-8C21-BCB97262641D}.Debug|Any CPU.Build.0 = Debug|Any CPU
		{D80BC9DC-C217-4104-8C21-BCB97262641D}.Release|Any CPU.ActiveCfg = Release|Any CPU
		{D80BC9DC-C217-4104-8C21-BCB97262641D}.Release|Any CPU.Build.0 = Release|Any CPU
		{81533C2D-6E90-4CD3-8DE9-F21868C9DAB3}.Debug|Any CPU.ActiveCfg = Debug|Any CPU
		{81533C2D-6E90-4CD3-8DE9-F21868C9DAB3}.Debug|Any CPU.Build.0 = Debug|Any CPU
		{81533C2D-6E90-4CD3-8DE9-F21868C9DAB3}.Release|Any CPU.ActiveCfg = Release|Any CPU
		{81533C2D-6E90-4CD3-8DE9-F21868C9DAB3}.Release|Any CPU.Build.0 = Release|Any CPU
		{318905AC-4851-42E9-AAEA-918F5148B9C3}.Debug|Any CPU.ActiveCfg = Debug|Any CPU
		{318905AC-4851-42E9-AAEA-918F5148B9C3}.Debug|Any CPU.Build.0 = Debug|Any CPU
		{318905AC-4851-42E9-AAEA-918F5148B9C3}.Release|Any CPU.ActiveCfg = Release|Any CPU
		{318905AC-4851-42E9-AAEA-918F5148B9C3}.Release|Any CPU.Build.0 = Release|Any CPU
		{1641937A-C708-46C0-857C-93599CF18E51}.Debug|Any CPU.ActiveCfg = Debug|Any CPU
		{1641937A-C708-46C0-857C-93599CF18E51}.Debug|Any CPU.Build.0 = Debug|Any CPU
		{1641937A-C708-46C0-857C-93599CF18E51}.Release|Any CPU.ActiveCfg = Release|Any CPU
		{1641937A-C708-46C0-857C-93599CF18E51}.Release|Any CPU.Build.0 = Release|Any CPU
		{CEEB8E96-D796-40BD-BA03-5B4A9B0E15A0}.Debug|Any CPU.ActiveCfg = Debug|Any CPU
		{CEEB8E96-D796-40BD-BA03-5B4A9B0E15A0}.Debug|Any CPU.Build.0 = Debug|Any CPU
		{CEEB8E96-D796-40BD-BA03-5B4A9B0E15A0}.Release|Any CPU.ActiveCfg = Release|Any CPU
		{CEEB8E96-D796-40BD-BA03-5B4A9B0E15A0}.Release|Any CPU.Build.0 = Release|Any CPU
		{94513B5D-D6F3-4B2E-8DF6-5D445160404A}.Debug|Any CPU.ActiveCfg = Debug|Any CPU
		{94513B5D-D6F3-4B2E-8DF6-5D445160404A}.Debug|Any CPU.Build.0 = Debug|Any CPU
		{94513B5D-D6F3-4B2E-8DF6-5D445160404A}.Release|Any CPU.ActiveCfg = Release|Any CPU
		{94513B5D-D6F3-4B2E-8DF6-5D445160404A}.Release|Any CPU.Build.0 = Release|Any CPU
		{6CC90715-F5EE-44DF-996F-B28068154F2E}.Debug|Any CPU.ActiveCfg = Debug|Any CPU
		{6CC90715-F5EE-44DF-996F-B28068154F2E}.Debug|Any CPU.Build.0 = Debug|Any CPU
		{6CC90715-F5EE-44DF-996F-B28068154F2E}.Release|Any CPU.ActiveCfg = Release|Any CPU
		{6CC90715-F5EE-44DF-996F-B28068154F2E}.Release|Any CPU.Build.0 = Release|Any CPU
		{E0AA4296-F1F5-48AF-B418-89E860EDAE73}.Debug|Any CPU.ActiveCfg = Debug|Any CPU
		{E0AA4296-F1F5-48AF-B418-89E860EDAE73}.Debug|Any CPU.Build.0 = Debug|Any CPU
		{E0AA4296-F1F5-48AF-B418-89E860EDAE73}.Release|Any CPU.ActiveCfg = Release|Any CPU
		{E0AA4296-F1F5-48AF-B418-89E860EDAE73}.Release|Any CPU.Build.0 = Release|Any CPU
	EndGlobalSection
EndGlobal
